
Microsoft Visual Studio Solution File, Format Version 12.00
# Visual Studio Version 16
VisualStudioVersion = 16.0.30517.126
MinimumVisualStudioVersion = 10.0.40219.1
Project("{9A19103F-16F7-4668-BE54-9A1E7A4F7556}") = "Parcel sorting line", "Parcel sorting line\Parcel sorting line.csproj", "{09F2B988-F06E-4705-9598-005CAC1E0133}"
EndProject
Project("{FAE04EC0-301F-11D3-BF4B-00C04F79EFBC}") = "BoxAndSortingLine.Test", "BoxAndSortingLine.Test\BoxAndSortingLine.Test.csproj", "{2A5D32FE-C2E5-42C8-A61E-9EE8BD6888BD}"
EndProject
Global
	GlobalSection(SolutionConfigurationPlatforms) = preSolution
		Debug|Any CPU = Debug|Any CPU
		Release|Any CPU = Release|Any CPU
	EndGlobalSection
	GlobalSection(ProjectConfigurationPlatforms) = postSolution
		{09F2B988-F06E-4705-9598-005CAC1E0133}.Debug|Any CPU.ActiveCfg = Debug|Any CPU
		{09F2B988-F06E-4705-9598-005CAC1E0133}.Debug|Any CPU.Build.0 = Debug|Any CPU
		{09F2B988-F06E-4705-9598-005CAC1E0133}.Release|Any CPU.ActiveCfg = Release|Any CPU
		{09F2B988-F06E-4705-9598-005CAC1E0133}.Release|Any CPU.Build.0 = Release|Any CPU
		{2A5D32FE-C2E5-42C8-A61E-9EE8BD6888BD}.Debug|Any CPU.ActiveCfg = Debug|Any CPU
		{2A5D32FE-C2E5-42C8-A61E-9EE8BD6888BD}.Debug|Any CPU.Build.0 = Debug|Any CPU
		{2A5D32FE-C2E5-42C8-A61E-9EE8BD6888BD}.Release|Any CPU.ActiveCfg = Release|Any CPU
		{2A5D32FE-C2E5-42C8-A61E-9EE8BD6888BD}.Release|Any CPU.Build.0 = Release|Any CPU
	EndGlobalSection
	GlobalSection(SolutionProperties) = preSolution
		HideSolutionNode = FALSE
	EndGlobalSection
	GlobalSection(ExtensibilityGlobals) = postSolution
		SolutionGuid = {21D8F73A-7BE8-4BDF-BE83-30BD97440EAE}
	EndGlobalSection
EndGlobal
